
Microsoft Visual Studio Solution File, Format Version 12.00
# Visual Studio 15
VisualStudioVersion = 15.0.27004.2008
MinimumVisualStudioVersion = 10.0.40219.1
Project("{FAE04EC0-301F-11D3-BF4B-00C04F79EFBC}") = "SLU.PeopleFinder.Json.Extractor", "SLU.PeopleFinder.Json.Extractor\SLU.PeopleFinder.Json.Extractor.csproj", "{3B4E427B-46EE-403E-AC0F-53A4C6BE6146}"
EndProject
Global
	GlobalSection(SolutionConfigurationPlatforms) = preSolution
		Debug|Any CPU = Debug|Any CPU
		Release|Any CPU = Release|Any CPU
	EndGlobalSection
	GlobalSection(ProjectConfigurationPlatforms) = postSolution
		{3B4E427B-46EE-403E-AC0F-53A4C6BE6146}.Debug|Any CPU.ActiveCfg = Debug|Any CPU
		{3B4E427B-46EE-403E-AC0F-53A4C6BE6146}.Debug|Any CPU.Build.0 = Debug|Any CPU
		{3B4E427B-46EE-403E-AC0F-53A4C6BE6146}.Release|Any CPU.ActiveCfg = Release|Any CPU
		{3B4E427B-46EE-403E-AC0F-53A4C6BE6146}.Release|Any CPU.Build.0 = Release|Any CPU
	EndGlobalSection
	GlobalSection(SolutionProperties) = preSolution
		HideSolutionNode = FALSE
	EndGlobalSection
	GlobalSection(ExtensibilityGlobals) = postSolution
		SolutionGuid = {E66E9268-D28E-4410-BAFE-B2FC78960BA8}
	EndGlobalSection
EndGlobal
